
Microsoft Visual Studio Solution File, Format Version 12.00
# Visual Studio Version 16
VisualStudioVersion = 16.0.29728.190
MinimumVisualStudioVersion = 10.0.40219.1
Project("{FAE04EC0-301F-11D3-BF4B-00C04F79EFBC}") = "dockertraining_Leonel_Paredes", "dockertraining_Leonel_Paredes\dockertraining_Leonel_Paredes.csproj", "{8ACF4C3D-A0D8-42B3-ADD2-EA696CB91F86}"
EndProject
Global
	GlobalSection(SolutionConfigurationPlatforms) = preSolution
		Debug|Any CPU = Debug|Any CPU
		Release|Any CPU = Release|Any CPU
	EndGlobalSection
	GlobalSection(ProjectConfigurationPlatforms) = postSolution
		{8ACF4C3D-A0D8-42B3-ADD2-EA696CB91F86}.Debug|Any CPU.ActiveCfg = Debug|Any CPU
		{8ACF4C3D-A0D8-42B3-ADD2-EA696CB91F86}.Debug|Any CPU.Build.0 = Debug|Any CPU
		{8ACF4C3D-A0D8-42B3-ADD2-EA696CB91F86}.Release|Any CPU.ActiveCfg = Release|Any CPU
		{8ACF4C3D-A0D8-42B3-ADD2-EA696CB91F86}.Release|Any CPU.Build.0 = Release|Any CPU
	EndGlobalSection
	GlobalSection(SolutionProperties) = preSolution
		HideSolutionNode = FALSE
	EndGlobalSection
	GlobalSection(ExtensibilityGlobals) = postSolution
		SolutionGuid = {0093EBF2-ADDA-4C4D-848D-AB46F50E7D11}
	EndGlobalSection
EndGlobal
